Microsoft Visual Studio Solution File, Format Version 12.00
# Visual Studio Version 17
VisualStudioVersion = 17.5.2.0
MinimumVisualStudioVersion = 10.0.40219.1
Project("{FAE04EC0-301F-11D3-BF4B-00C04F79EFBC}") = "SeniorLearnApi", "SeniorLearnApi.csproj", "{026CD6E7-9ABD-943D-E983-93E31241EC1A}"
EndProject
Global
	GlobalSection(SolutionConfigurationPlatforms) = preSolution
		Debug|Any CPU = Debug|Any CPU
		Release|Any CPU = Release|Any CPU
	EndGlobalSection
	GlobalSection(ProjectConfigurationPlatforms) = postSolution
		{026CD6E7-9ABD-943D-E983-93E31241EC1A}.Debug|Any CPU.ActiveCfg = Debug|Any CPU
		{026CD6E7-9ABD-943D-E983-93E31241EC1A}.Debug|Any CPU.Build.0 = Debug|Any CPU
		{026CD6E7-9ABD-943D-E983-93E31241EC1A}.Release|Any CPU.ActiveCfg = Release|Any CPU
		{026CD6E7-9ABD-943D-E983-93E31241EC1A}.Release|Any CPU.Build.0 = Release|Any CPU
	EndGlobalSection
	GlobalSection(SolutionProperties) = preSolution
		HideSolutionNode = FALSE
	EndGlobalSection
	GlobalSection(ExtensibilityGlobals) = postSolution
		SolutionGuid = {E3A8F2BF-CF03-4334-8406-48D28407CF82}
	EndGlobalSection
EndGlobal
